{
  "nodes": {
    "nixpkgs": {
      "locked": {
        "lastModified": 1610666281,
        "narHash": "sha256-tUvpiAqEWxwgUkpQpRuSa814tblScsY+gCvfy5oR0Ts=",
        "owner": "nixos",
        "repo": "nixpkgs",
        "rev": "352481146d87aa2d277ea696657aa7db5378b90f",
        "type": "github"
      },
      "original": {
        "owner": "nixos",
        "ref": "nixos-20.09",
        "repo": "nixpkgs",
        "type": "github"
      }
    },
    "root": {
      "inputs": {
        "nixpkgs": "nixpkgs"
      }
    }
  },
  "root": "root",
  "version": 7
}
